// !$*UTF8*$!
{
	archiveVersion = 1;
	classes = {
	};
	objectVersion = 56;
	objects = {

/* Begin PBXBuildFile section */
		30AA7E772B3460360092DB5B /* AppDelegate.swift in Sources */ = {isa = PBXBuildFile; fileRef = 30AA7E762B3460360092DB5B /* AppDelegate.swift */; };
		30AA7E792B3460360092DB5B /* SceneDelegate.swift in Sources */ = {isa = PBXBuildFile; fileRef = 30AA7E782B3460360092DB5B /* SceneDelegate.swift */; };
		30AA7E7B2B3460360092DB5B /* CollectionViewVC.swift in Sources */ = {isa = PBXBuildFile; fileRef = 30AA7E7A2B3460360092DB5B /* CollectionViewVC.swift */; };
		30AA7E7E2B3460360092DB5B /* Main.storyboard in Resources */ = {isa = PBXBuildFile; fileRef = 30AA7E7C2B3460360092DB5B /* Main.storyboard */; };
		30AA7E802B3460370092DB5B /* Assets.xcassets in Resources */ = {isa = PBXBuildFile; fileRef = 30AA7E7F2B3460370092DB5B /* Assets.xcassets */; };
		30AA7E832B3460370092DB5B /* LaunchScreen.storyboard in Resources */ = {isa = PBXBuildFile; fileRef = 30AA7E812B3460370092DB5B /* LaunchScreen.storyboard */; };
		30AA7E8B2B3460CD0092DB5B /* CollectionViewCell.swift in Sources */ = {isa = PBXBuildFile; fileRef = 30AA7E8A2B3460CD0092DB5B /* CollectionViewCell.swift */; };
		30AA7E8D2B3462040092DB5B /* Extensions.swift in Sources */ = {isa = PBXBuildFile; fileRef = 30AA7E8C2B3462040092DB5B /* Extensions.swift */; };
		30AA7E902B34639F0092DB5B /* sectionModel.swift in Sources */ = {isa = PBXBuildFile; fileRef = 30AA7E8F2B34639F0092DB5B /* sectionModel.swift */; };
		30AA7E922B346D590092DB5B /* CollectionReusableView.swift in Sources */ = {isa = PBXBuildFile; fileRef = 30AA7E912B346D590092DB5B /* CollectionReusableView.swift */; };
		30AA7E9B2B3476930092DB5B /* TableViewVC.swift in Sources */ = {isa = PBXBuildFile; fileRef = 30AA7E9A2B3476930092DB5B /* TableViewVC.swift */; };
		30AA7E9D2B3476BA0092DB5B /* TableViewCell.swift in Sources */ = {isa = PBXBuildFile; fileRef = 30AA7E9C2B3476BA0092DB5B /* TableViewCell.swift */; };
		30AA7EA12B347E920092DB5B /* TbNib.xib in Resources */ = {isa = PBXBuildFile; fileRef = 30AA7EA02B347E920092DB5B /* TbNib.xib */; };
		30AA7EA32B347FA00092DB5B /* TbNibView.swift in Sources */ = {isa = PBXBuildFile; fileRef = 30AA7EA22B347FA00092DB5B /* TbNibView.swift */; };
/* End PBXBuildFile section */

/* Begin PBXFileReference section */
		30AA7E732B3460360092DB5B /* SectionCollectionView.app */ = {isa = PBXFileReference; explicitFileType = wrapper.application; includeInIndex = 0; path = SectionCollectionView.app; sourceTree = BUILT_PRODUCTS_DIR; };
		30AA7E762B3460360092DB5B /* AppDelegate.swift */ = {isa = PBXFileReference; lastKnownFileType = sourcecode.swift; path = AppDelegate.swift; sourceTree = "<group>"; };
		30AA7E782B3460360092DB5B /* SceneDelegate.swift */ = {isa = PBXFileReference; lastKnownFileType = sourcecode.swift; path = SceneDelegate.swift; sourceTree = "<group>"; };
		30AA7E7A2B3460360092DB5B /* CollectionViewVC.swift */ = {isa = PBXFileReference; lastKnownFileType = sourcecode.swift; path = CollectionViewVC.swift; sourceTree = "<group>"; };
		30AA7E7D2B3460360092DB5B /* Base */ = {isa = PBXFileReference; lastKnownFileType = file.storyboard; name = Base; path = Base.lproj/Main.storyboard; sourceTree = "<group>"; };
		30AA7E7F2B3460370092DB5B /* Assets.xcassets */ = {isa = PBXFileReference; lastKnownFileType = folder.assetcatalog; path = Assets.xcassets; sourceTree = "<group>"; };
		30AA7E822B3460370092DB5B /* Base */ = {isa = PBXFileReference; lastKnownFileType = file.storyboard; name = Base; path = Base.lproj/LaunchScreen.storyboard; sourceTree = "<group>"; };
		30AA7E842B3460370092DB5B /* Info.plist */ = {isa = PBXFileReference; lastKnownFileType = text.plist.xml; path = Info.plist; sourceTree = "<group>"; };
		30AA7E8A2B3460CD0092DB5B /* CollectionViewCell.swift */ = {isa = PBXFileReference; lastKnownFileType = sourcecode.swift; path = CollectionViewCell.swift; sourceTree = "<group>"; };
		30AA7E8C2B3462040092DB5B /* Extensions.swift */ = {isa = PBXFileReference; lastKnownFileType = sourcecode.swift; path = Extensions.swift; sourceTree = "<group>"; };
		30AA7E8F2B34639F0092DB5B /* sectionModel.swift */ = {isa = PBXFileReference; lastKnownFileType = sourcecode.swift; path = sectionModel.swift; sourceTree = "<group>"; };
		30AA7E912B346D590092DB5B /* CollectionReusableView.swift */ = {isa = PBXFileReference; lastKnownFileType = sourcecode.swift; path = CollectionReusableView.swift; sourceTree = "<group>"; };
		30AA7E9A2B3476930092DB5B /* TableViewVC.swift */ = {isa = PBXFileReference; lastKnownFileType = sourcecode.swift; path = TableViewVC.swift; sourceTree = "<group>"; };
		30AA7E9C2B3476BA0092DB5B /* TableViewCell.swift */ = {isa = PBXFileReference; lastKnownFileType = sourcecode.swift; path = TableViewCell.swift; sourceTree = "<group>"; };
		30AA7EA02B347E920092DB5B /* TbNib.xib */ = {isa = PBXFileReference; lastKnownFileType = file.xib; path = TbNib.xib; sourceTree = "<group>"; };
		30AA7EA22B347FA00092DB5B /* TbNibView.swift */ = {isa = PBXFileReference; lastKnownFileType = sourcecode.swift; path = TbNibView.swift; sourceTree = "<group>"; };
/* End PBXFileReference section */

/* Begin PBXFrameworksBuildPhase section */
		30AA7E702B3460360092DB5B /* Frameworks */ = {
			isa = PBXFrameworksBuildPhase;
			buildActionMask = 2147483647;
			files = (
			);
			runOnlyForDeploymentPostprocessing = 0;
		};
/* End PBXFrameworksBuildPhase section */

/* Begin PBXGroup section */
		30AA7E6A2B3460360092DB5B = {
			isa = PBXGroup;
			children = (
				30AA7E752B3460360092DB5B /* SectionCollectionView */,
				30AA7E742B3460360092DB5B /* Products */,
			);
			sourceTree = "<group>";
		};
		30AA7E742B3460360092DB5B /* Products */ = {
			isa = PBXGroup;
			children = (
				30AA7E732B3460360092DB5B /* SectionCollectionView.app */,
			);
			name = Products;
			sourceTree = "<group>";
		};
		30AA7E752B3460360092DB5B /* SectionCollectionView */ = {
			isa = PBXGroup;
			children = (
				30AA7E952B3475E30092DB5B /* extensions */,
				30AA7E942B3475A00092DB5B /* app */,
				30AA7E932B34759A0092DB5B /* view */,
				30AA7E8E2B3463890092DB5B /* model */,
				30AA7E7C2B3460360092DB5B /* Main.storyboard */,
				30AA7E7F2B3460370092DB5B /* Assets.xcassets */,
				30AA7E812B3460370092DB5B /* LaunchScreen.storyboard */,
				30AA7E842B3460370092DB5B /* Info.plist */,
			);
			path = SectionCollectionView;
			sourceTree = "<group>";
		};
		30AA7E8E2B3463890092DB5B /* model */ = {
			isa = PBXGroup;
			children = (
				30AA7E8F2B34639F0092DB5B /* sectionModel.swift */,
			);
			path = model;
			sourceTree = "<group>";
		};
		30AA7E932B34759A0092DB5B /* view */ = {
			isa = PBXGroup;
			children = (
				30AA7E972B3476260092DB5B /* cell */,
				30AA7E962B34761D0092DB5B /* viewController */,
			);
			path = view;
			sourceTree = "<group>";
		};
		30AA7E942B3475A00092DB5B /* app */ = {
			isa = PBXGroup;
			children = (
				30AA7E782B3460360092DB5B /* SceneDelegate.swift */,
				30AA7E762B3460360092DB5B /* AppDelegate.swift */,
			);
			path = app;
			sourceTree = "<group>";
		};
		30AA7E952B3475E30092DB5B /* extensions */ = {
			isa = PBXGroup;
			children = (
				30AA7E8C2B3462040092DB5B /* Extensions.swift */,
			);
			path = extensions;
			sourceTree = "<group>";
		};
		30AA7E962B34761D0092DB5B /* viewController */ = {
			isa = PBXGroup;
			children = (
				30AA7E7A2B3460360092DB5B /* CollectionViewVC.swift */,
				30AA7E9A2B3476930092DB5B /* TableViewVC.swift */,
			);
			path = viewController;
			sourceTree = "<group>";
		};
		30AA7E972B3476260092DB5B /* cell */ = {
			isa = PBXGroup;
			children = (
				30AA7E992B3476730092DB5B /* tableViewCell */,
				30AA7E982B34763B0092DB5B /* collectionViewCell */,
			);
			path = cell;
			sourceTree = "<group>";
		};
		30AA7E982B34763B0092DB5B /* collectionViewCell */ = {
			isa = PBXGroup;
			children = (
				30AA7E912B346D590092DB5B /* CollectionReusableView.swift */,
				30AA7E8A2B3460CD0092DB5B /* CollectionViewCell.swift */,
			);
			path = collectionViewCell;
			sourceTree = "<group>";
		};
		30AA7E992B3476730092DB5B /* tableViewCell */ = {
			isa = PBXGroup;
			children = (
				30AA7E9C2B3476BA0092DB5B /* TableViewCell.swift */,
				30AA7EA02B347E920092DB5B /* TbNib.xib */,
				30AA7EA22B347FA00092DB5B /* TbNibView.swift */,
			);
			path = tableViewCell;
			sourceTree = "<group>";
		};
/* End PBXGroup section */

/* Begin PBXNativeTarget section */
		30AA7E722B3460360092DB5B /* SectionCollectionView */ = {
			isa = PBXNativeTarget;
			buildConfigurationList = 30AA7E872B3460370092DB5B /* Build configuration list for PBXNativeTarget "SectionCollectionView" */;
			buildPhases = (
				30AA7E6F2B3460360092DB5B /* Sources */,
				30AA7E702B3460360092DB5B /* Frameworks */,
				30AA7E712B3460360092DB5B /* Resources */,
			);
			buildRules = (
			);
			dependencies = (
			);
			name = SectionCollectionView;
			productName = SectionCollectionView;
			productReference = 30AA7E732B3460360092DB5B /* SectionCollectionView.app */;
			productType = "com.apple.product-type.application";
		};
/* End PBXNativeTarget section */

/* Begin PBXProject section */
		30AA7E6B2B3460360092DB5B /* Project object */ = {
			isa = PBXProject;
			attributes = {
				BuildIndependentTargetsInParallel = 1;
				LastSwiftUpdateCheck = 1510;
				LastUpgradeCheck = 1510;
				TargetAttributes = {
					30AA7E722B3460360092DB5B = {
						CreatedOnToolsVersion = 15.1;
					};
				};
			};
			buildConfigurationList = 30AA7E6E2B3460360092DB5B /* Build configuration list for PBXProject "SectionCollectionView" */;
			compatibilityVersion = "Xcode 14.0";
			developmentRegion = en;
			hasScannedForEncodings = 0;
			knownRegions = (
				en,
				Base,
			);
			mainGroup = 30AA7E6A2B3460360092DB5B;
			productRefGroup = 30AA7E742B3460360092DB5B /* Products */;
			projectDirPath = "";
			projectRoot = "";
			targets = (
				30AA7E722B3460360092DB5B /* SectionCollectionView */,
			);
		};
/* End PBXProject section */

/* Begin PBXResourcesBuildPhase section */
		30AA7E712B3460360092DB5B /* Resources */ = {
			isa = PBXResourcesBuildPhase;
			buildActionMask = 2147483647;
			files = (
				30AA7E832B3460370092DB5B /* LaunchScreen.storyboard in Resources */,
				30AA7EA12B347E920092DB5B /* TbNib.xib in Resources */,
				30AA7E802B3460370092DB5B /* Assets.xcassets in Resources */,
				30AA7E7E2B3460360092DB5B /* Main.storyboard in Resources */,
			);
			runOnlyForDeploymentPostprocessing = 0;
		};
/* End PBXResourcesBuildPhase section */

/* Begin PBXSourcesBuildPhase section */
		30AA7E6F2B3460360092DB5B /* Sources */ = {
			isa = PBXSourcesBuildPhase;
			buildActionMask = 2147483647;
			files = (
				30AA7E9B2B3476930092DB5B /* TableViewVC.swift in Sources */,
				30AA7E922B346D590092DB5B /* CollectionReusableView.swift in Sources */,
				30AA7EA32B347FA00092DB5B /* TbNibView.swift in Sources */,
				30AA7E8D2B3462040092DB5B /* Extensions.swift in Sources */,
				30AA7E9D2B3476BA0092DB5B /* TableViewCell.swift in Sources */,
				30AA7E7B2B3460360092DB5B /* CollectionViewVC.swift in Sources */,
				30AA7E772B3460360092DB5B /* AppDelegate.swift in Sources */,
				30AA7E8B2B3460CD0092DB5B /* CollectionViewCell.swift in Sources */,
				30AA7E792B3460360092DB5B /* SceneDelegate.swift in Sources */,
				30AA7E902B34639F0092DB5B /* sectionModel.swift in Sources */,
			);
			runOnlyForDeploymentPostprocessing = 0;
		};
/* End PBXSourcesBuildPhase section */

/* Begin PBXVariantGroup section */
		30AA7E7C2B3460360092DB5B /* Main.storyboard */ = {
			isa = PBXVariantGroup;
			children = (
				30AA7E7D2B3460360092DB5B /* Base */,
			);
			name = Main.storyboard;
			sourceTree = "<group>";
		};
		30AA7E812B3460370092DB5B /* LaunchScreen.storyboard */ = {
			isa = PBXVariantGroup;
			children = (
				30AA7E822B3460370092DB5B /* Base */,
			);
			name = LaunchScreen.storyboard;
			sourceTree = "<group>";
		};
/* End PBXVariantGroup section */

/* Begin XCBuildConfiguration section */
		30AA7E852B3460370092DB5B /* Debug */ = {
			isa = XCBuildConfiguration;
			buildSettings = {
				ALWAYS_SEARCH_USER_PATHS = NO;
				ASSETCATALOG_COMPILER_GENERATE_SWIFT_ASSET_SYMBOL_EXTENSIONS = YES;
				CLANG_ANALYZER_NONNULL = YES;
				CLANG_ANALYZER_NUMBER_OBJECT_CONVERSION = YES_AGGRESSIVE;
				CLANG_CXX_LANGUAGE_STANDARD = "gnu++20";
				CLANG_ENABLE_MODULES = YES;
				CLANG_ENABLE_OBJC_ARC = YES;
				CLANG_ENABLE_OBJC_WEAK = YES;
				CLANG_WARN_BLOCK_CAPTURE_AUTORELEASING = YES;
				CLANG_WARN_BOOL_CONVERSION = YES;
				CLANG_WARN_COMMA = YES;
				CLANG_WARN_CONSTANT_CONVERSION = YES;
				CLANG_WARN_DEPRECATED_OBJC_IMPLEMENTATIONS = YES;
				CLANG_WARN_DIRECT_OBJC_ISA_USAGE = YES_ERROR;
				CLANG_WARN_DOCUMENTATION_COMMENTS = YES;
				CLANG_WARN_EMPTY_BODY = YES;
				CLANG_WARN_ENUM_CONVERSION = YES;
				CLANG_WARN_INFINITE_RECURSION = YES;
				CLANG_WARN_INT_CONVERSION = YES;
				CLANG_WARN_NON_LITERAL_NULL_CONVERSION = YES;
				CLANG_WARN_OBJC_IMPLICIT_RETAIN_SELF = YES;
				CLANG_WARN_OBJC_LITERAL_CONVERSION = YES;
				CLANG_WARN_OBJC_ROOT_CLASS = YES_ERROR;
				CLANG_WARN_QUOTED_INCLUDE_IN_FRAMEWORK_HEADER = YES;
				CLANG_WARN_RANGE_LOOP_ANALYSIS = YES;
				CLANG_WARN_STRICT_PROTOTYPES = YES;
				CLANG_WARN_SUSPICIOUS_MOVE = YES;
				CLANG_WARN_UNGUARDED_AVAILABILITY = YES_AGGRESSIVE;
				CLANG_WARN_UNREACHABLE_CODE = YES;
				CLANG_WARN__DUPLICATE_METHOD_MATCH = YES;
				COPY_PHASE_STRIP = NO;
				DEBUG_INFORMATION_FORMAT = dwarf;
				ENABLE_STRICT_OBJC_MSGSEND = YES;
				ENABLE_TESTABILITY = YES;
				ENABLE_USER_SCRIPT_SANDBOXING = YES;
				GCC_C_LANGUAGE_STANDARD = gnu17;
				GCC_DYNAMIC_NO_PIC = NO;
				GCC_NO_COMMON_BLOCKS = YES;
				GCC_OPTIMIZATION_LEVEL = 0;
				GCC_PREPROCESSOR_DEFINITIONS = (
					"DEBUG=1",
					"$(inherited)",
				);
				GCC_WARN_64_TO_32_BIT_CONVERSION = YES;
				GCC_WARN_ABOUT_RETURN_TYPE = YES_ERROR;
				GCC_WARN_UNDECLARED_SELECTOR = YES;
				GCC_WARN_UNINITIALIZED_AUTOS = YES_AGGRESSIVE;
				GCC_WARN_UNUSED_FUNCTION = YES;
				GCC_WARN_UNUSED_VARIABLE = YES;
				IPHONEOS_DEPLOYMENT_TARGET = 16.0;
				LOCALIZATION_PREFERS_STRING_CATALOGS = YES;
				MTL_ENABLE_DEBUG_INFO = INCLUDE_SOURCE;
				MTL_FAST_MATH = YES;
				ONLY_ACTIVE_ARCH = YES;
				SDKROOT = iphoneos;
				SWIFT_ACTIVE_COMPILATION_CONDITIONS = "DEBUG $(inherited)";
				SWIFT_OPTIMIZATION_LEVEL = "-Onone";
			};
			name = Debug;
		};
		30AA7E862B3460370092DB5B /* Release */ = {
			isa = XCBuildConfiguration;
			buildSettings = {
				ALWAYS_SEARCH_USER_PATHS = NO;
				ASSETCATALOG_COMPILER_GENERATE_SWIFT_ASSET_SYMBOL_EXTENSIONS = YES;
				CLANG_ANALYZER_NONNULL = YES;
				CLANG_ANALYZER_NUMBER_OBJECT_CONVERSION = YES_AGGRESSIVE;
				CLANG_CXX_LANGUAGE_STANDARD = "gnu++20";
				CLANG_ENABLE_MODULES = YES;
				CLANG_ENABLE_OBJC_ARC = YES;
				CLANG_ENABLE_OBJC_WEAK = YES;
				CLANG_WARN_BLOCK_CAPTURE_AUTORELEASING = YES;
				CLANG_WARN_BOOL_CONVERSION = YES;
				CLANG_WARN_COMMA = YES;
				CLANG_WARN_CONSTANT_CONVERSION = YES;
				CLANG_WARN_DEPRECATED_OBJC_IMPLEMENTATIONS = YES;
				CLANG_WARN_DIRECT_OBJC_ISA_USAGE = YES_ERROR;
				CLANG_WARN_DOCUMENTATION_COMMENTS = YES;
				CLANG_WARN_EMPTY_BODY = YES;
				CLANG_WARN_ENUM_CONVERSION = YES;
				CLANG_WARN_INFINITE_RECURSION = YES;
				CLANG_WARN_INT_CONVERSION = YES;
				CLANG_WARN_NON_LITERAL_NULL_CONVERSION = YES;
				CLANG_WARN_OBJC_IMPLICIT_RETAIN_SELF = YES;
				CLANG_WARN_OBJC_LITERAL_CONVERSION = YES;
				CLANG_WARN_OBJC_ROOT_CLASS = YES_ERROR;
				CLANG_WARN_QUOTED_INCLUDE_IN_FRAMEWORK_HEADER = YES;
				CLANG_WARN_RANGE_LOOP_ANALYSIS = YES;
				CLANG_WARN_STRICT_PROTOTYPES = YES;
				CLANG_WARN_SUSPICIOUS_MOVE = YES;
				CLANG_WARN_UNGUARDED_AVAILABILITY = YES_AGGRESSIVE;
				CLANG_WARN_UNREACHABLE_CODE = YES;
				CLANG_WARN__DUPLICATE_METHOD_MATCH = YES;
				COPY_PHASE_STRIP = NO;
				DEBUG_INFORMATION_FORMAT = "dwarf-with-dsym";
				ENABLE_NS_ASSERTIONS = NO;
				ENABLE_STRICT_OBJC_MSGSEND = YES;
				ENABLE_USER_SCRIPT_SANDBOXING = YES;
				GCC_C_LANGUAGE_STANDARD = gnu17;
				GCC_NO_COMMON_BLOCKS = YES;
				GCC_WARN_64_TO_32_BIT_CONVERSION = YES;
				GCC_WARN_ABOUT_RETURN_TYPE = YES_ERROR;
				GCC_WARN_UNDECLARED_SELECTOR = YES;
				GCC_WARN_UNINITIALIZED_AUTOS = YES_AGGRESSIVE;
				GCC_WARN_UNUSED_FUNCTION = YES;
				GCC_WARN_UNUSED_VARIABLE = YES;
				IPHONEOS_DEPLOYMENT_TARGET = 16.0;
				LOCALIZATION_PREFERS_STRING_CATALOGS = YES;
				MTL_ENABLE_DEBUG_INFO = NO;
				MTL_FAST_MATH = YES;
				SDKROOT = iphoneos;
				SWIFT_COMPILATION_MODE = wholemodule;
				VALIDATE_PRODUCT = YES;
			};
			name = Release;
		};
		30AA7E882B3460370092DB5B /* Debug */ = {
			isa = XCBuildConfiguration;
			buildSettings = {
				ASSETCATALOG_COMPILER_APPICON_NAME = AppIcon;
				ASSETCATALOG_COMPILER_GLOBAL_ACCENT_COLOR_NAME = AccentColor;
				CODE_SIGN_STYLE = Automatic;
				CURRENT_PROJECT_VERSION = 1;
				GENERATE_INFOPLIST_FILE = YES;
				INFOPLIST_FILE = SectionCollectionView/Info.plist;
				INFOPLIST_KEY_UIApplicationSupportsIndirectInputEvents = YES;
				INFOPLIST_KEY_UILaunchStoryboardName = LaunchScreen;
				INFOPLIST_KEY_UIMainStoryboardFile = Main;
				INFOPLIST_KEY_UISupportedInterfaceOrientations_iPad = "UIInterfaceOrientationPortrait UIInterfaceOrientationPortraitUpsideDown UIInterfaceOrientationLandscapeLeft UIInterfaceOrientationLandscapeRight";
				INFOPLIST_KEY_UISupportedInterfaceOrientations_iPhone = "UIInterfaceOrientationPortrait UIInterfaceOrientationLandscapeLeft UIInterfaceOrientationLandscapeRight";
				LD_RUNPATH_SEARCH_PATHS = (
					"$(inherited)",
					"@executable_path/Frameworks",
				);
				MARKETING_VERSION = 1.0;
				PRODUCT_BUNDLE_IDENTIFIER = com.usyssoft.SectionCollectionView;
				PRODUCT_NAME = "$(TARGET_NAME)";
				SWIFT_EMIT_LOC_STRINGS = YES;
				SWIFT_VERSION = 5.0;
				TARGETED_DEVICE_FAMILY = "1,2";
			};
			name = Debug;
		};
		30AA7E892B3460370092DB5B /* Release */ = {
			isa = XCBuildConfiguration;
			buildSettings = {
				ASSETCATALOG_COMPILER_APPICON_NAME = AppIcon;
				ASSETCATALOG_COMPILER_GLOBAL_ACCENT_COLOR_NAME = AccentColor;
				CODE_SIGN_STYLE = Automatic;
				CURRENT_PROJECT_VERSION = 1;
				GENERATE_INFOPLIST_FILE = YES;
				INFOPLIST_FILE = SectionCollectionView/Info.plist;
				INFOPLIST_KEY_UIApplicationSupportsIndirectInputEvents = YES;
				INFOPLIST_KEY_UILaunchStoryboardName = LaunchScreen;
				INFOPLIST_KEY_UIMainStoryboardFile = Main;
				INFOPLIST_KEY_UISupportedInterfaceOrientations_iPad = "UIInterfaceOrientationPortrait UIInterfaceOrientationPortraitUpsideDown UIInterfaceOrientationLandscapeLeft UIInterfaceOrientationLandscapeRight";
				INFOPLIST_KEY_UISupportedInterfaceOrientations_iPhone = "UIInterfaceOrientationPortrait UIInterfaceOrientationLandscapeLeft UIInterfaceOrientationLandscapeRight";
				LD_RUNPATH_SEARCH_PATHS = (
					"$(inherited)",
					"@executable_path/Frameworks",
				);
				MARKETING_VERSION = 1.0;
				PRODUCT_BUNDLE_IDENTIFIER = com.usyssoft.SectionCollectionView;
				PRODUCT_NAME = "$(TARGET_NAME)";
				SWIFT_EMIT_LOC_STRINGS = YES;
				SWIFT_VERSION = 5.0;
				TARGETED_DEVICE_FAMILY = "1,2";
			};
			name = Release;
		};
/* End XCBuildConfiguration section */

/* Begin XCConfigurationList section */
		30AA7E6E2B3460360092DB5B /* Build configuration list for PBXProject "SectionCollectionView" */ = {
			isa = XCConfigurationList;
			buildConfigurations = (
				30AA7E852B3460370092DB5B /* Debug */,
				30AA7E862B3460370092DB5B /* Release */,
			);
			defaultConfigurationIsVisible = 0;
			defaultConfigurationName = Release;
		};
		30AA7E872B3460370092DB5B /* Build configuration list for PBXNativeTarget "SectionCollectionView" */ = {
			isa = XCConfigurationList;
			buildConfigurations = (
				30AA7E882B3460370092DB5B /* Debug */,
				30AA7E892B3460370092DB5B /* Release */,
			);
			defaultConfigurationIsVisible = 0;
			defaultConfigurationName = Release;
		};
/* End XCConfigurationList section */
	};
	rootObject = 30AA7E6B2B3460360092DB5B /* Project object */;
}
